
Microsoft Visual Studio Solution File, Format Version 12.00
# Visual Studio Version 16
VisualStudioVersion = 16.0.31424.327
MinimumVisualStudioVersion = 10.0.40219.1
Project("{FAE04EC0-301F-11D3-BF4B-00C04F79EFBC}") = "BethanysPieShopHRM.App", "BethanysPieShopHRM.App\BethanysPieShopHRM.App.csproj", "{587B3076-2EC8-4863-B599-E0234D0C2435}"
EndProject
Global
	GlobalSection(SolutionConfigurationPlatforms) = preSolution
		Debug|Any CPU = Debug|Any CPU
		Release|Any CPU = Release|Any CPU
	EndGlobalSection
	GlobalSection(ProjectConfigurationPlatforms) = postSolution
		{587B3076-2EC8-4863-B599-E0234D0C2435}.Debug|Any CPU.ActiveCfg = Debug|Any CPU
		{587B3076-2EC8-4863-B599-E0234D0C2435}.Debug|Any CPU.Build.0 = Debug|Any CPU
		{587B3076-2EC8-4863-B599-E0234D0C2435}.Release|Any CPU.ActiveCfg = Release|Any CPU
		{587B3076-2EC8-4863-B599-E0234D0C2435}.Release|Any CPU.Build.0 = Release|Any CPU
	EndGlobalSection
	GlobalSection(SolutionProperties) = preSolution
		HideSolutionNode = FALSE
	EndGlobalSection
	GlobalSection(ExtensibilityGlobals) = postSolution
		SolutionGuid = {FAB16F8A-EDEA-4EE0-AF58-78918D506D30}
	EndGlobalSection
EndGlobal
